
Microsoft Visual Studio Solution File, Format Version 12.00
# Visual Studio Version 16
VisualStudioVersion = 16.0.30002.166
MinimumVisualStudioVersion = 10.0.40219.1
Project("{9A19103F-16F7-4668-BE54-9A1E7A4F7556}") = "csharp-garbage-collector", "csharp-garbage-collector.csproj", "{BFEF7088-1B8A-4019-AA34-B2F9E51F665D}"
EndProject
Global
	GlobalSection(SolutionConfigurationPlatforms) = preSolution
		Debug|Any CPU = Debug|Any CPU
		Release|Any CPU = Release|Any CPU
	EndGlobalSection
	GlobalSection(ProjectConfigurationPlatforms) = postSolution
		{BFEF7088-1B8A-4019-AA34-B2F9E51F665D}.Debug|Any CPU.ActiveCfg = Debug|Any CPU
		{BFEF7088-1B8A-4019-AA34-B2F9E51F665D}.Debug|Any CPU.Build.0 = Debug|Any CPU
		{BFEF7088-1B8A-4019-AA34-B2F9E51F665D}.Release|Any CPU.ActiveCfg = Release|Any CPU
		{BFEF7088-1B8A-4019-AA34-B2F9E51F665D}.Release|Any CPU.Build.0 = Release|Any CPU
	EndGlobalSection
	GlobalSection(SolutionProperties) = preSolution
		HideSolutionNode = FALSE
	EndGlobalSection
	GlobalSection(ExtensibilityGlobals) = postSolution
		SolutionGuid = {3EE52CF2-A469-4122-BD25-94E03B77A601}
	EndGlobalSection
EndGlobal
